
Microsoft Visual Studio Solution File, Format Version 12.00
# Visual Studio Version 17
VisualStudioVersion = 17.5.33530.505
MinimumVisualStudioVersion = 10.0.40219.1
Project("{FAE04EC0-301F-11D3-BF4B-00C04F79EFBC}") = "unity", "unity\unity.csproj", "{BAFF5B78-9148-4AEB-90FA-B9F39637AE06}"
EndProject
Global
	GlobalSection(SolutionConfigurationPlatforms) = preSolution
		Debug|Any CPU = Debug|Any CPU
		Release|Any CPU = Release|Any CPU
	EndGlobalSection
	GlobalSection(ProjectConfigurationPlatforms) = postSolution
		{BAFF5B78-9148-4AEB-90FA-B9F39637AE06}.Debug|Any CPU.ActiveCfg = Debug|Any CPU
		{BAFF5B78-9148-4AEB-90FA-B9F39637AE06}.Debug|Any CPU.Build.0 = Debug|Any CPU
		{BAFF5B78-9148-4AEB-90FA-B9F39637AE06}.Release|Any CPU.ActiveCfg = Release|Any CPU
		{BAFF5B78-9148-4AEB-90FA-B9F39637AE06}.Release|Any CPU.Build.0 = Release|Any CPU
	EndGlobalSection
	GlobalSection(SolutionProperties) = preSolution
		HideSolutionNode = FALSE
	EndGlobalSection
	GlobalSection(ExtensibilityGlobals) = postSolution
		SolutionGuid = {6DBAB08D-874F-4302-BB6D-114812574562}
	EndGlobalSection
EndGlobal
